{
  "name": "currencyConverter",
  "version": "1.0.0",
  "lockfileVersion": 1,
  "requires": true,
  "dependencies": {
    "alert-node": {
      "version": "2.1.4",
      "resolved": "https://registry.npmjs.org/alert-node/-/alert-node-2.1.4.tgz",
      "integrity": "sha512-xeHGTj1dngAuwdVoN0HUjY+OvzT4ADdzAghkE3Fde+EeBuEMzMrUWAN/ft+AinLAuzol2ymnBZ9kc8+R+6gdBw==",
      "requires": {
        "is-program-installed": "2.0.3"
      }
    },
    "is-program-installed": {
      "version": "2.0.3",
      "resolved": "https://registry.npmjs.org/is-program-installed/-/is-program-installed-2.0.3.tgz",
      "integrity": "sha512-ardJP2zPwvNz4+VU5LWtgOuV9qymSyyeM1WFW0tTESZzw5rAnUCfqRQDVnPld3AvitlShUc1ggi+u4W5IF7/DA=="
    },
    "node-fetch": {
      "version": "2.6.1",
      "resolved": "https://registry.npmjs.org/node-fetch/-/node-fetch-2.6.1.tgz",
      "integrity": "sha512-V4aYg89jEoVRxRb2fJdAg8FHvI7cEyYdVAh94HH0UIK8oJxUfkjlDQN9RbMx+bEjP7+ggMiFRprSti032Oipxw=="
    }
  }
}
